
Microsoft Visual Studio Solution File, Format Version 12.00
# Visual Studio 15
VisualStudioVersion = 15.0.28010.2026
MinimumVisualStudioVersion = 10.0.40219.1
Project("{8BC9CEB8-8B4A-11D0-8D11-00A0C91BC942}") = "Inlupp_2", "Inlupp_2\Inlupp_2.vcxproj", "{270ED69B-FF76-4A5D-8236-39EC8DFCE103}"
EndProject
Project("{8BC9CEB8-8B4A-11D0-8D11-00A0C91BC942}") = "Inlupp_2test", "Inlupp_2test\Inlupp_2test.vcxproj", "{11B8A2DD-D4A3-4A4E-8E1B-764D1C149473}"
EndProject
Global
	GlobalSection(SolutionConfigurationPlatforms) = preSolution
		Debug|x64 = Debug|x64
		Debug|x86 = Debug|x86
		Release|x64 = Release|x64
		Release|x86 = Release|x86
	EndGlobalSection
	GlobalSection(ProjectConfigurationPlatforms) = postSolution
		{270ED69B-FF76-4A5D-8236-39EC8DFCE103}.Debug|x64.ActiveCfg = Debug|x64
		{270ED69B-FF76-4A5D-8236-39EC8DFCE103}.Debug|x64.Build.0 = Debug|x64
		{270ED69B-FF76-4A5D-8236-39EC8DFCE103}.Debug|x86.ActiveCfg = Debug|Win32
		{270ED69B-FF76-4A5D-8236-39EC8DFCE103}.Debug|x86.Build.0 = Debug|Win32
		{270ED69B-FF76-4A5D-8236-39EC8DFCE103}.Release|x64.ActiveCfg = Release|x64
		{270ED69B-FF76-4A5D-8236-39EC8DFCE103}.Release|x64.Build.0 = Release|x64
		{270ED69B-FF76-4A5D-8236-39EC8DFCE103}.Release|x86.ActiveCfg = Release|Win32
		{270ED69B-FF76-4A5D-8236-39EC8DFCE103}.Release|x86.Build.0 = Release|Win32
		{11B8A2DD-D4A3-4A4E-8E1B-764D1C149473}.Debug|x64.ActiveCfg = Debug|x64
		{11B8A2DD-D4A3-4A4E-8E1B-764D1C149473}.Debug|x64.Build.0 = Debug|x64
		{11B8A2DD-D4A3-4A4E-8E1B-764D1C149473}.Debug|x86.ActiveCfg = Debug|Win32
		{11B8A2DD-D4A3-4A4E-8E1B-764D1C149473}.Debug|x86.Build.0 = Debug|Win32
		{11B8A2DD-D4A3-4A4E-8E1B-764D1C149473}.Release|x64.ActiveCfg = Release|x64
		{11B8A2DD-D4A3-4A4E-8E1B-764D1C149473}.Release|x64.Build.0 = Release|x64
		{11B8A2DD-D4A3-4A4E-8E1B-764D1C149473}.Release|x86.ActiveCfg = Release|Win32
		{11B8A2DD-D4A3-4A4E-8E1B-764D1C149473}.Release|x86.Build.0 = Release|Win32
	EndGlobalSection
	GlobalSection(SolutionProperties) = preSolution
		HideSolutionNode = FALSE
	EndGlobalSection
	GlobalSection(ExtensibilityGlobals) = postSolution
		SolutionGuid = {B0DAACA6-8020-49A4-A9F9-BB4D8BDEBC4C}
	EndGlobalSection
EndGlobal
